
Microsoft Visual Studio Solution File, Format Version 12.00
# Visual Studio Version 17
VisualStudioVersion = 17.8.34330.188
MinimumVisualStudioVersion = 10.0.40219.1
Project("{9A19103F-16F7-4668-BE54-9A1E7A4F7556}") = "LocalToolbox", "LocalToolbox\LocalToolbox.csproj", "{1BD21960-A8BC-4643-BFF5-6F2F799AE934}"
EndProject
Project("{FAE04EC0-301F-11D3-BF4B-00C04F79EFBC}") = "LocalToolbox.test", "LocalToolbox.test\LocalToolbox.test.csproj", "{939A0F6E-5738-4160-8BA2-06AE77F2FEE8}"
EndProject
Global
	GlobalSection(SolutionConfigurationPlatforms) = preSolution
		Debug|Any CPU = Debug|Any CPU
		Release|Any CPU = Release|Any CPU
	EndGlobalSection
	GlobalSection(ProjectConfigurationPlatforms) = postSolution
		{1BD21960-A8BC-4643-BFF5-6F2F799AE934}.Debug|Any CPU.ActiveCfg = Debug|Any CPU
		{1BD21960-A8BC-4643-BFF5-6F2F799AE934}.Debug|Any CPU.Build.0 = Debug|Any CPU
		{1BD21960-A8BC-4643-BFF5-6F2F799AE934}.Release|Any CPU.ActiveCfg = Release|Any CPU
		{1BD21960-A8BC-4643-BFF5-6F2F799AE934}.Release|Any CPU.Build.0 = Release|Any CPU
		{939A0F6E-5738-4160-8BA2-06AE77F2FEE8}.Debug|Any CPU.ActiveCfg = Debug|Any CPU
		{939A0F6E-5738-4160-8BA2-06AE77F2FEE8}.Debug|Any CPU.Build.0 = Debug|Any CPU
		{939A0F6E-5738-4160-8BA2-06AE77F2FEE8}.Release|Any CPU.ActiveCfg = Release|Any CPU
		{939A0F6E-5738-4160-8BA2-06AE77F2FEE8}.Release|Any CPU.Build.0 = Release|Any CPU
	EndGlobalSection
	GlobalSection(SolutionProperties) = preSolution
		HideSolutionNode = FALSE
	EndGlobalSection
	GlobalSection(ExtensibilityGlobals) = postSolution
		SolutionGuid = {AD410C89-8B7A-44DF-835E-39C087C6B547}
	EndGlobalSection
EndGlobal
